
Microsoft Visual Studio Solution File, Format Version 12.00
# Visual Studio 14
VisualStudioVersion = 14.0.23107.0
MinimumVisualStudioVersion = 10.0.40219.1
Project("{FAE04EC0-301F-11D3-BF4B-00C04F79EFBC}") = "CmisActionAgentLib", "CmisActionAgentLib\CmisActionAgentLib.csproj", "{8E29AF78-98B6-4682-A10D-EACBC71B47C9}"
EndProject
Project("{FAE04EC0-301F-11D3-BF4B-00C04F79EFBC}") = "DotCMIS", "DotCmis\DotCMIS\DotCMIS.csproj", "{529EF90F-A34C-4426-A4F9-65113AC23841}"
EndProject
Project("{8BB2217D-0F2D-49D1-97BC-3654ED321F3B}") = "CmisActionAgentConsole", "CmisActionAgentConsole\CmisActionAgentConsole.xproj", "{A1DBAF35-F01B-4474-96E3-2D46646419F6}"
EndProject
Project("{2150E333-8FDC-42A3-9474-1A3956D46DE8}") = "Solution Items", "Solution Items", "{292A23EF-4F1D-4269-BD7F-7B7274A3CBC5}"
	ProjectSection(SolutionItems) = preProject
		global.json = global.json
	EndProjectSection
EndProject
Global
	GlobalSection(SolutionConfigurationPlatforms) = preSolution
		Debug|Any CPU = Debug|Any CPU
		Release|Any CPU = Release|Any CPU
	EndGlobalSection
	GlobalSection(ProjectConfigurationPlatforms) = postSolution
		{8E29AF78-98B6-4682-A10D-EACBC71B47C9}.Debug|Any CPU.ActiveCfg = Debug|Any CPU
		{8E29AF78-98B6-4682-A10D-EACBC71B47C9}.Debug|Any CPU.Build.0 = Debug|Any CPU
		{8E29AF78-98B6-4682-A10D-EACBC71B47C9}.Release|Any CPU.ActiveCfg = Release|Any CPU
		{8E29AF78-98B6-4682-A10D-EACBC71B47C9}.Release|Any CPU.Build.0 = Release|Any CPU
		{529EF90F-A34C-4426-A4F9-65113AC23841}.Debug|Any CPU.ActiveCfg = Debug|Any CPU
		{529EF90F-A34C-4426-A4F9-65113AC23841}.Debug|Any CPU.Build.0 = Debug|Any CPU
		{529EF90F-A34C-4426-A4F9-65113AC23841}.Release|Any CPU.ActiveCfg = Release|Any CPU
		{529EF90F-A34C-4426-A4F9-65113AC23841}.Release|Any CPU.Build.0 = Release|Any CPU
		{A1DBAF35-F01B-4474-96E3-2D46646419F6}.Debug|Any CPU.ActiveCfg = Debug|Any CPU
		{A1DBAF35-F01B-4474-96E3-2D46646419F6}.Debug|Any CPU.Build.0 = Debug|Any CPU
		{A1DBAF35-F01B-4474-96E3-2D46646419F6}.Release|Any CPU.ActiveCfg = Release|Any CPU
		{A1DBAF35-F01B-4474-96E3-2D46646419F6}.Release|Any CPU.Build.0 = Release|Any CPU
	EndGlobalSection
	GlobalSection(SolutionProperties) = preSolution
		HideSolutionNode = FALSE
	EndGlobalSection
EndGlobal
